
Microsoft Visual Studio Solution File, Format Version 12.00
# Visual Studio Version 17
VisualStudioVersion = 17.4.33205.214
MinimumVisualStudioVersion = 10.0.40219.1
Project("{9092AA53-FB77-4645-B42D-1CCCA6BD08BD}") = "tagvisnest_2", "tagvisnest_2\tagvisnest_2.njsproj", "{6A278BAE-2032-413C-82E4-268648B519EF}"
EndProject
Global
	GlobalSection(SolutionConfigurationPlatforms) = preSolution
		Debug|Any CPU = Debug|Any CPU
		Release|Any CPU = Release|Any CPU
	EndGlobalSection
	GlobalSection(ProjectConfigurationPlatforms) = postSolution
		{6A278BAE-2032-413C-82E4-268648B519EF}.Debug|Any CPU.ActiveCfg = Debug|Any CPU
		{6A278BAE-2032-413C-82E4-268648B519EF}.Debug|Any CPU.Build.0 = Debug|Any CPU
		{6A278BAE-2032-413C-82E4-268648B519EF}.Release|Any CPU.ActiveCfg = Release|Any CPU
		{6A278BAE-2032-413C-82E4-268648B519EF}.Release|Any CPU.Build.0 = Release|Any CPU
	EndGlobalSection
	GlobalSection(SolutionProperties) = preSolution
		HideSolutionNode = FALSE
	EndGlobalSection
	GlobalSection(ExtensibilityGlobals) = postSolution
		SolutionGuid = {29749832-9CDC-4A11-BA27-AF03D25D41C3}
	EndGlobalSection
EndGlobal
